
Microsoft Visual Studio Solution File, Format Version 12.00
# Visual Studio Version 16
VisualStudioVersion = 16.0.31624.102
MinimumVisualStudioVersion = 10.0.40219.1
Project("{9A19103F-16F7-4668-BE54-9A1E7A4F7556}") = "HiddenVilla_Server", "HiddenVilla_Server\HiddenVilla_Server.csproj", "{3A141889-E227-43EE-9B57-97B00310F660}"
EndProject
Global
	GlobalSection(SolutionConfigurationPlatforms) = preSolution
		Debug|Any CPU = Debug|Any CPU
		Release|Any CPU = Release|Any CPU
	EndGlobalSection
	GlobalSection(ProjectConfigurationPlatforms) = postSolution
		{3A141889-E227-43EE-9B57-97B00310F660}.Debug|Any CPU.ActiveCfg = Debug|Any CPU
		{3A141889-E227-43EE-9B57-97B00310F660}.Debug|Any CPU.Build.0 = Debug|Any CPU
		{3A141889-E227-43EE-9B57-97B00310F660}.Release|Any CPU.ActiveCfg = Release|Any CPU
		{3A141889-E227-43EE-9B57-97B00310F660}.Release|Any CPU.Build.0 = Release|Any CPU
	EndGlobalSection
	GlobalSection(SolutionProperties) = preSolution
		HideSolutionNode = FALSE
	EndGlobalSection
	GlobalSection(ExtensibilityGlobals) = postSolution
		SolutionGuid = {24C6C070-49E2-4315-BE50-879FAF5CDC7E}
	EndGlobalSection
EndGlobal
